
Microsoft Visual Studio Solution File, Format Version 12.00
# Visual Studio Version 17
VisualStudioVersion = 17.14.36221.1
MinimumVisualStudioVersion = 10.0.40219.1
Project("{2150E333-8FDC-42A3-9474-1A3956D46DE8}") = "src", "src", "{02EA681E-C7D8-13C7-8484-4AC65E1B71E8}"
EndProject
Project("{FAE04EC0-301F-11D3-BF4B-00C04F79EFBC}") = "CashFlow.Api", "src\CashFlow\CashFlow.Api.csproj", "{B71CFCBC-2E46-4550-A092-0F30B14A5FF7}"
EndProject
Project("{FAE04EC0-301F-11D3-BF4B-00C04F79EFBC}") = "CashFlow.Domain", "src\CashFlow.Domain\CashFlow.Domain.csproj", "{603BF4CB-72B7-4956-AEAD-36E3BD1FBF61}"
EndProject
Project("{FAE04EC0-301F-11D3-BF4B-00C04F79EFBC}") = "CashFlow.Application", "src\CashFlow.Application\CashFlow.Application.csproj", "{310787EB-F6DF-45D3-A9C6-D6AEC59DC8F1}"
EndProject
Project("{FAE04EC0-301F-11D3-BF4B-00C04F79EFBC}") = "CashFlow.Communication", "src\CashFlow.Communication\CashFlow.Communication.csproj", "{05F29EBD-1FAC-4463-B81C-2D47E21D22C5}"
EndProject
Project("{FAE04EC0-301F-11D3-BF4B-00C04F79EFBC}") = "CashFlow.Exception", "src\CashFlow.Exception\CashFlow.Exception.csproj", "{E3CB9FBB-C551-4175-9D90-931856B608A3}"
EndProject
Project("{FAE04EC0-301F-11D3-BF4B-00C04F79EFBC}") = "CashFlow.Infrastructure", "src\CashFlow.Infrastructure\CashFlow.Infrastructure.csproj", "{7C03E879-8710-4A5B-B79A-26E8B6932E92}"
EndProject
Project("{2150E333-8FDC-42A3-9474-1A3956D46DE8}") = "Solution Items", "Solution Items", "{D0C59C86-B5F5-4FC3-9145-D829DAE81E51}"
	ProjectSection(SolutionItems) = preProject
		.editorconfig = .editorconfig
	EndProjectSection
EndProject
Global
	GlobalSection(SolutionConfigurationPlatforms) = preSolution
		Debug|Any CPU = Debug|Any CPU
		Debug|x64 = Debug|x64
		Debug|x86 = Debug|x86
		Release|Any CPU = Release|Any CPU
		Release|x64 = Release|x64
		Release|x86 = Release|x86
	EndGlobalSection
	GlobalSection(ProjectConfigurationPlatforms) = postSolution
		{B71CFCBC-2E46-4550-A092-0F30B14A5FF7}.Debug|Any CPU.ActiveCfg = Debug|Any CPU
		{B71CFCBC-2E46-4550-A092-0F30B14A5FF7}.Debug|Any CPU.Build.0 = Debug|Any CPU
		{B71CFCBC-2E46-4550-A092-0F30B14A5FF7}.Debug|x64.ActiveCfg = Debug|Any CPU
		{B71CFCBC-2E46-4550-A092-0F30B14A5FF7}.Debug|x64.Build.0 = Debug|Any CPU
		{B71CFCBC-2E46-4550-A092-0F30B14A5FF7}.Debug|x86.ActiveCfg = Debug|Any CPU
		{B71CFCBC-2E46-4550-A092-0F30B14A5FF7}.Debug|x86.Build.0 = Debug|Any CPU
		{B71CFCBC-2E46-4550-A092-0F30B14A5FF7}.Release|Any CPU.ActiveCfg = Release|Any CPU
		{B71CFCBC-2E46-4550-A092-0F30B14A5FF7}.Release|Any CPU.Build.0 = Release|Any CPU
		{B71CFCBC-2E46-4550-A092-0F30B14A5FF7}.Release|x64.ActiveCfg = Release|Any CPU
		{B71CFCBC-2E46-4550-A092-0F30B14A5FF7}.Release|x64.Build.0 = Release|Any CPU
		{B71CFCBC-2E46-4550-A092-0F30B14A5FF7}.Release|x86.ActiveCfg = Release|Any CPU
		{B71CFCBC-2E46-4550-A092-0F30B14A5FF7}.Release|x86.Build.0 = Release|Any CPU
		{603BF4CB-72B7-4956-AEAD-36E3BD1FBF61}.Debug|Any CPU.ActiveCfg = Debug|Any CPU
		{603BF4CB-72B7-4956-AEAD-36E3BD1FBF61}.Debug|Any CPU.Build.0 = Debug|Any CPU
		{603BF4CB-72B7-4956-AEAD-36E3BD1FBF61}.Debug|x64.ActiveCfg = Debug|Any CPU
		{603BF4CB-72B7-4956-AEAD-36E3BD1FBF61}.Debug|x64.Build.0 = Debug|Any CPU
		{603BF4CB-72B7-4956-AEAD-36E3BD1FBF61}.Debug|x86.ActiveCfg = Debug|Any CPU
		{603BF4CB-72B7-4956-AEAD-36E3BD1FBF61}.Debug|x86.Build.0 = Debug|Any CPU
		{603BF4CB-72B7-4956-AEAD-36E3BD1FBF61}.Release|Any CPU.ActiveCfg = Release|Any CPU
		{603BF4CB-72B7-4956-AEAD-36E3BD1FBF61}.Release|Any CPU.Build.0 = Release|Any CPU
		{603BF4CB-72B7-4956-AEAD-36E3BD1FBF61}.Release|x64.ActiveCfg = Release|Any CPU
		{603BF4CB-72B7-4956-AEAD-36E3BD1FBF61}.Release|x64.Build.0 = Release|Any CPU
		{603BF4CB-72B7-4956-AEAD-36E3BD1FBF61}.Release|x86.ActiveCfg = Release|Any CPU
		{603BF4CB-72B7-4956-AEAD-36E3BD1FBF61}.Release|x86.Build.0 = Release|Any CPU
		{310787EB-F6DF-45D3-A9C6-D6AEC59DC8F1}.Debug|Any CPU.ActiveCfg = Debug|Any CPU
		{310787EB-F6DF-45D3-A9C6-D6AEC59DC8F1}.Debug|Any CPU.Build.0 = Debug|Any CPU
		{310787EB-F6DF-45D3-A9C6-D6AEC59DC8F1}.Debug|x64.ActiveCfg = Debug|Any CPU
		{310787EB-F6DF-45D3-A9C6-D6AEC59DC8F1}.Debug|x64.Build.0 = Debug|Any CPU
		{310787EB-F6DF-45D3-A9C6-D6AEC59DC8F1}.Debug|x86.ActiveCfg = Debug|Any CPU
		{310787EB-F6DF-45D3-A9C6-D6AEC59DC8F1}.Debug|x86.Build.0 = Debug|Any CPU
		{310787EB-F6DF-45D3-A9C6-D6AEC59DC8F1}.Release|Any CPU.ActiveCfg = Release|Any CPU
		{310787EB-F6DF-45D3-A9C6-D6AEC59DC8F1}.Release|Any CPU.Build.0 = Release|Any CPU
		{310787EB-F6DF-45D3-A9C6-D6AEC59DC8F1}.Release|x64.ActiveCfg = Release|Any CPU
		{310787EB-F6DF-45D3-A9C6-D6AEC59DC8F1}.Release|x64.Build.0 = Release|Any CPU
		{310787EB-F6DF-45D3-A9C6-D6AEC59DC8F1}.Release|x86.ActiveCfg = Release|Any CPU
		{310787EB-F6DF-45D3-A9C6-D6AEC59DC8F1}.Release|x86.Build.0 = Release|Any CPU
		{05F29EBD-1FAC-4463-B81C-2D47E21D22C5}.Debug|Any CPU.ActiveCfg = Debug|Any CPU
		{05F29EBD-1FAC-4463-B81C-2D47E21D22C5}.Debug|Any CPU.Build.0 = Debug|Any CPU
		{05F29EBD-1FAC-4463-B81C-2D47E21D22C5}.Debug|x64.ActiveCfg = Debug|Any CPU
		{05F29EBD-1FAC-4463-B81C-2D47E21D22C5}.Debug|x64.Build.0 = Debug|Any CPU
		{05F29EBD-1FAC-4463-B81C-2D47E21D22C5}.Debug|x86.ActiveCfg = Debug|Any CPU
		{05F29EBD-1FAC-4463-B81C-2D47E21D22C5}.Debug|x86.Build.0 = Debug|Any CPU
		{05F29EBD-1FAC-4463-B81C-2D47E21D22C5}.Release|Any CPU.ActiveCfg = Release|Any CPU
		{05F29EBD-1FAC-4463-B81C-2D47E21D22C5}.Release|Any CPU.Build.0 = Release|Any CPU
		{05F29EBD-1FAC-4463-B81C-2D47E21D22C5}.Release|x64.ActiveCfg = Release|Any CPU
		{05F29EBD-1FAC-4463-B81C-2D47E21D22C5}.Release|x64.Build.0 = Release|Any CPU
		{05F29EBD-1FAC-4463-B81C-2D47E21D22C5}.Release|x86.ActiveCfg = Release|Any CPU
		{05F29EBD-1FAC-4463-B81C-2D47E21D22C5}.Release|x86.Build.0 = Release|Any CPU
		{E3CB9FBB-C551-4175-9D90-931856B608A3}.Debug|Any CPU.ActiveCfg = Debug|Any CPU
		{E3CB9FBB-C551-4175-9D90-931856B608A3}.Debug|Any CPU.Build.0 = Debug|Any CPU
		{E3CB9FBB-C551-4175-9D90-931856B608A3}.Debug|x64.ActiveCfg = Debug|Any CPU
		{E3CB9FBB-C551-4175-9D90-931856B608A3}.Debug|x64.Build.0 = Debug|Any CPU
		{E3CB9FBB-C551-4175-9D90-931856B608A3}.Debug|x86.ActiveCfg = Debug|Any CPU
		{E3CB9FBB-C551-4175-9D90-931856B608A3}.Debug|x86.Build.0 = Debug|Any CPU
		{E3CB9FBB-C551-4175-9D90-931856B608A3}.Release|Any CPU.ActiveCfg = Release|Any CPU
		{E3CB9FBB-C551-4175-9D90-931856B608A3}.Release|Any CPU.Build.0 = Release|Any CPU
		{E3CB9FBB-C551-4175-9D90-931856B608A3}.Release|x64.ActiveCfg = Release|Any CPU
		{E3CB9FBB-C551-4175-9D90-931856B608A3}.Release|x64.Build.0 = Release|Any CPU
		{E3CB9FBB-C551-4175-9D90-931856B608A3}.Release|x86.ActiveCfg = Release|Any CPU
		{E3CB9FBB-C551-4175-9D90-931856B608A3}.Release|x86.Build.0 = Release|Any CPU
		{7C03E879-8710-4A5B-B79A-26E8B6932E92}.Debug|Any CPU.ActiveCfg = Debug|Any CPU
		{7C03E879-8710-4A5B-B79A-26E8B6932E92}.Debug|Any CPU.Build.0 = Debug|Any CPU
		{7C03E879-8710-4A5B-B79A-26E8B6932E92}.Debug|x64.ActiveCfg = Debug|Any CPU
		{7C03E879-8710-4A5B-B79A-26E8B6932E92}.Debug|x64.Build.0 = Debug|Any CPU
		{7C03E879-8710-4A5B-B79A-26E8B6932E92}.Debug|x86.ActiveCfg = Debug|Any CPU
		{7C03E879-8710-4A5B-B79A-26E8B6932E92}.Debug|x86.Build.0 = Debug|Any CPU
		{7C03E879-8710-4A5B-B79A-26E8B6932E92}.Release|Any CPU.ActiveCfg = Release|Any CPU
		{7C03E879-8710-4A5B-B79A-26E8B6932E92}.Release|Any CPU.Build.0 = Release|Any CPU
		{7C03E879-8710-4A5B-B79A-26E8B6932E92}.Release|x64.ActiveCfg = Release|Any CPU
		{7C03E879-8710-4A5B-B79A-26E8B6932E92}.Release|x64.Build.0 = Release|Any CPU
		{7C03E879-8710-4A5B-B79A-26E8B6932E92}.Release|x86.ActiveCfg = Release|Any CPU
		{7C03E879-8710-4A5B-B79A-26E8B6932E92}.Release|x86.Build.0 = Release|Any CPU
	EndGlobalSection
	GlobalSection(SolutionProperties) = preSolution
		HideSolutionNode = FALSE
	EndGlobalSection
	GlobalSection(NestedProjects) = preSolution
		{B71CFCBC-2E46-4550-A092-0F30B14A5FF7} = {02EA681E-C7D8-13C7-8484-4AC65E1B71E8}
		{603BF4CB-72B7-4956-AEAD-36E3BD1FBF61} = {02EA681E-C7D8-13C7-8484-4AC65E1B71E8}
		{310787EB-F6DF-45D3-A9C6-D6AEC59DC8F1} = {02EA681E-C7D8-13C7-8484-4AC65E1B71E8}
		{05F29EBD-1FAC-4463-B81C-2D47E21D22C5} = {02EA681E-C7D8-13C7-8484-4AC65E1B71E8}
		{E3CB9FBB-C551-4175-9D90-931856B608A3} = {02EA681E-C7D8-13C7-8484-4AC65E1B71E8}
		{7C03E879-8710-4A5B-B79A-26E8B6932E92} = {02EA681E-C7D8-13C7-8484-4AC65E1B71E8}
	EndGlobalSection
	GlobalSection(ExtensibilityGlobals) = postSolution
		SolutionGuid = {057DA277-0889-4D04-AEB0-AF811BCF8D62}
	EndGlobalSection
EndGlobal
